
Microsoft Visual Studio Solution File, Format Version 12.00
# Visual Studio Version 16
VisualStudioVersion = 16.0.31515.178
MinimumVisualStudioVersion = 10.0.40219.1
Project("{8BC9CEB8-8B4A-11D0-8D11-00A0C91BC942}") = "ExampleAuthCC", "ExampleAuthCC\ExampleAuthCC.vcxproj", "{981DF160-0B71-461C-A115-CE2D6B474BDC}"
EndProject
Global
	GlobalSection(SolutionConfigurationPlatforms) = preSolution
		Debug|x64 = Debug|x64
		Debug|x86 = Debug|x86
		Release|x64 = Release|x64
		Release|x86 = Release|x86
	EndGlobalSection
	GlobalSection(ProjectConfigurationPlatforms) = postSolution
		{981DF160-0B71-461C-A115-CE2D6B474BDC}.Debug|x64.ActiveCfg = Debug|x64
		{981DF160-0B71-461C-A115-CE2D6B474BDC}.Debug|x64.Build.0 = Debug|x64
		{981DF160-0B71-461C-A115-CE2D6B474BDC}.Debug|x86.ActiveCfg = Debug|Win32
		{981DF160-0B71-461C-A115-CE2D6B474BDC}.Debug|x86.Build.0 = Debug|Win32
		{981DF160-0B71-461C-A115-CE2D6B474BDC}.Release|x64.ActiveCfg = Release|x64
		{981DF160-0B71-461C-A115-CE2D6B474BDC}.Release|x64.Build.0 = Release|x64
		{981DF160-0B71-461C-A115-CE2D6B474BDC}.Release|x86.ActiveCfg = Release|Win32
		{981DF160-0B71-461C-A115-CE2D6B474BDC}.Release|x86.Build.0 = Release|Win32
	EndGlobalSection
	GlobalSection(SolutionProperties) = preSolution
		HideSolutionNode = FALSE
	EndGlobalSection
	GlobalSection(ExtensibilityGlobals) = postSolution
		SolutionGuid = {41C8395E-FBD2-4173-8F1A-E758FB9DC52F}
	EndGlobalSection
EndGlobal
